
Microsoft Visual Studio Solution File, Format Version 12.00
# Visual Studio Version 17
VisualStudioVersion = 17.5.33516.290
MinimumVisualStudioVersion = 10.0.40219.1
Project("{FAE04EC0-301F-11D3-BF4B-00C04F79EFBC}") = "WarThunder", "WarThunder\WarThunder.csproj", "{573B573E-AFED-4E80-BBB7-2FE522422EEE}"
EndProject
Global
	GlobalSection(SolutionConfigurationPlatforms) = preSolution
		Debug|Any CPU = Debug|Any CPU
		Release|Any CPU = Release|Any CPU
	EndGlobalSection
	GlobalSection(ProjectConfigurationPlatforms) = postSolution
		{573B573E-AFED-4E80-BBB7-2FE522422EEE}.Debug|Any CPU.ActiveCfg = Debug|Any CPU
		{573B573E-AFED-4E80-BBB7-2FE522422EEE}.Debug|Any CPU.Build.0 = Debug|Any CPU
		{573B573E-AFED-4E80-BBB7-2FE522422EEE}.Release|Any CPU.ActiveCfg = Release|Any CPU
		{573B573E-AFED-4E80-BBB7-2FE522422EEE}.Release|Any CPU.Build.0 = Release|Any CPU
	EndGlobalSection
	GlobalSection(SolutionProperties) = preSolution
		HideSolutionNode = FALSE
	EndGlobalSection
	GlobalSection(ExtensibilityGlobals) = postSolution
		SolutionGuid = {EBC3E6FD-290C-4E56-8F68-B81040F28D8A}
	EndGlobalSection
EndGlobal
